
Microsoft Visual Studio Solution File, Format Version 12.00
# Visual Studio Version 17
VisualStudioVersion = 17.8.34511.84
MinimumVisualStudioVersion = 10.0.40219.1
Project("{FAE04EC0-301F-11D3-BF4B-00C04F79EFBC}") = "ApiHopeHand", "ApiHopeHand.csproj", "{C795A484-D257-41E3-9AA7-E0F21693FF97}"
EndProject
Global
	GlobalSection(SolutionConfigurationPlatforms) = preSolution
		Debug|Any CPU = Debug|Any CPU
		Release|Any CPU = Release|Any CPU
	EndGlobalSection
	GlobalSection(ProjectConfigurationPlatforms) = postSolution
		{C795A484-D257-41E3-9AA7-E0F21693FF97}.Debug|Any CPU.ActiveCfg = Debug|Any CPU
		{C795A484-D257-41E3-9AA7-E0F21693FF97}.Debug|Any CPU.Build.0 = Debug|Any CPU
		{C795A484-D257-41E3-9AA7-E0F21693FF97}.Release|Any CPU.ActiveCfg = Release|Any CPU
		{C795A484-D257-41E3-9AA7-E0F21693FF97}.Release|Any CPU.Build.0 = Release|Any CPU
	EndGlobalSection
	GlobalSection(SolutionProperties) = preSolution
		HideSolutionNode = FALSE
	EndGlobalSection
	GlobalSection(ExtensibilityGlobals) = postSolution
		SolutionGuid = {40DF8F5A-E12D-4352-83E0-F0EAC4DDFC01}
	EndGlobalSection
EndGlobal
